
Microsoft Visual Studio Solution File, Format Version 12.00
# Visual Studio Version 17
VisualStudioVersion = 17.14.36401.2
MinimumVisualStudioVersion = 10.0.40219.1
Project("{FAE04EC0-301F-11D3-BF4B-00C04F79EFBC}") = "Selenium_project", "Selenium_project.csproj", "{5009A113-FE85-408D-AA62-9BD5A7D829F1}"
EndProject
Global
	GlobalSection(SolutionConfigurationPlatforms) = preSolution
		Debug|Any CPU = Debug|Any CPU
		Release|Any CPU = Release|Any CPU
	EndGlobalSection
	GlobalSection(ProjectConfigurationPlatforms) = postSolution
		{5009A113-FE85-408D-AA62-9BD5A7D829F1}.Debug|Any CPU.ActiveCfg = Debug|Any CPU
		{5009A113-FE85-408D-AA62-9BD5A7D829F1}.Debug|Any CPU.Build.0 = Debug|Any CPU
		{5009A113-FE85-408D-AA62-9BD5A7D829F1}.Release|Any CPU.ActiveCfg = Release|Any CPU
		{5009A113-FE85-408D-AA62-9BD5A7D829F1}.Release|Any CPU.Build.0 = Release|Any CPU
	EndGlobalSection
	GlobalSection(SolutionProperties) = preSolution
		HideSolutionNode = FALSE
	EndGlobalSection
	GlobalSection(ExtensibilityGlobals) = postSolution
		SolutionGuid = {C6823FB9-930B-4239-BA81-7497945AB197}
	EndGlobalSection
EndGlobal
